
Microsoft Visual Studio Solution File, Format Version 12.00
# Visual Studio Version 16
VisualStudioVersion = 16.0.29613.14
MinimumVisualStudioVersion = 10.0.40219.1
Project("{FAE04EC0-301F-11D3-BF4B-00C04F79EFBC}") = "Tetris", "Tetris.csproj", "{84C72184-6CEC-4F6C-97BA-514CA22BE976}"
EndProject
Global
	GlobalSection(SolutionConfigurationPlatforms) = preSolution
		Debug|Any CPU = Debug|Any CPU
		Release|Any CPU = Release|Any CPU
	EndGlobalSection
	GlobalSection(ProjectConfigurationPlatforms) = postSolution
		{84C72184-6CEC-4F6C-97BA-514CA22BE976}.Debug|Any CPU.ActiveCfg = Debug|Any CPU
		{84C72184-6CEC-4F6C-97BA-514CA22BE976}.Debug|Any CPU.Build.0 = Debug|Any CPU
		{84C72184-6CEC-4F6C-97BA-514CA22BE976}.Release|Any CPU.ActiveCfg = Release|Any CPU
		{84C72184-6CEC-4F6C-97BA-514CA22BE976}.Release|Any CPU.Build.0 = Release|Any CPU
	EndGlobalSection
	GlobalSection(SolutionProperties) = preSolution
		HideSolutionNode = FALSE
	EndGlobalSection
	GlobalSection(ExtensibilityGlobals) = postSolution
		SolutionGuid = {F75F6D22-BD9E-45F6-8582-A33C6D6693BE}
	EndGlobalSection
EndGlobal
